Microsoft Visual Studio Solution File, Format Version 12.00
# Visual Studio Version 17
VisualStudioVersion = 17.5.2.0
MinimumVisualStudioVersion = 10.0.40219.1
Project("{2150E333-8FDC-42A3-9474-1A3956D46DE8}") = "myApp", "myApp", "{55A7393D-967F-EC79-ABD8-847C3880FFA3}"
EndProject
Project("{FAE04EC0-301F-11D3-BF4B-00C04F79EFBC}") = "MyAvaloniaApp", "myApp\MyAvaloniaApp\MyAvaloniaApp.csproj", "{F8987DEB-57AA-EE47-7EF1-0FB0966F3919}"
EndProject
Global
	GlobalSection(SolutionConfigurationPlatforms) = preSolution
		Debug|Any CPU = Debug|Any CPU
		Release|Any CPU = Release|Any CPU
	EndGlobalSection
	GlobalSection(ProjectConfigurationPlatforms) = postSolution
		{F8987DEB-57AA-EE47-7EF1-0FB0966F3919}.Debug|Any CPU.ActiveCfg = Debug|Any CPU
		{F8987DEB-57AA-EE47-7EF1-0FB0966F3919}.Debug|Any CPU.Build.0 = Debug|Any CPU
		{F8987DEB-57AA-EE47-7EF1-0FB0966F3919}.Release|Any CPU.ActiveCfg = Release|Any CPU
		{F8987DEB-57AA-EE47-7EF1-0FB0966F3919}.Release|Any CPU.Build.0 = Release|Any CPU
	EndGlobalSection
	GlobalSection(SolutionProperties) = preSolution
		HideSolutionNode = FALSE
	EndGlobalSection
	GlobalSection(NestedProjects) = preSolution
		{F8987DEB-57AA-EE47-7EF1-0FB0966F3919} = {55A7393D-967F-EC79-ABD8-847C3880FFA3}
	EndGlobalSection
	GlobalSection(ExtensibilityGlobals) = postSolution
		SolutionGuid = {237A3FEC-EC1C-4862-BDD4-EBA3848143EE}
	EndGlobalSection
EndGlobal
